
Microsoft Visual Studio Solution File, Format Version 12.00
# Visual Studio Version 16
VisualStudioVersion = 16.0.28922.388
MinimumVisualStudioVersion = 10.0.40219.1
Project("{FAE04EC0-301F-11D3-BF4B-00C04F79EFBC}") = "IU.Planning.ConApp", "IU.Planning.ConApp.csproj", "{9A79864A-9209-4058-9877-DD03C500AFE4}"
EndProject
Global
	GlobalSection(SolutionConfigurationPlatforms) = preSolution
		Debug|Any CPU = Debug|Any CPU
		Release|Any CPU = Release|Any CPU
	EndGlobalSection
	GlobalSection(ProjectConfigurationPlatforms) = postSolution
		{9A79864A-9209-4058-9877-DD03C500AFE4}.Debug|Any CPU.ActiveCfg = Debug|Any CPU
		{9A79864A-9209-4058-9877-DD03C500AFE4}.Debug|Any CPU.Build.0 = Debug|Any CPU
		{9A79864A-9209-4058-9877-DD03C500AFE4}.Release|Any CPU.ActiveCfg = Release|Any CPU
		{9A79864A-9209-4058-9877-DD03C500AFE4}.Release|Any CPU.Build.0 = Release|Any CPU
	EndGlobalSection
	GlobalSection(SolutionProperties) = preSolution
		HideSolutionNode = FALSE
	EndGlobalSection
	GlobalSection(ExtensibilityGlobals) = postSolution
		SolutionGuid = {0701DE6D-F01E-4CAC-B4CC-229F5E6B0E2B}
	EndGlobalSection
EndGlobal
